# This file is automatically @generated by Poetry 1.8.3 and should not be changed by hand.

[[package]]
name = "pysimplegui-4-foss"
version = "4.60.4.1"
description = "THIS IS A MIRROR OF THE FINAL VERSION OF PYSIMPLEGUI4 THAT WAS FOSS. No further updates/support."
optional = false
python-versions = "*"
files = [
    {file = "PySimpleGUI_4_foss-4.60.4.1-py3-none-any.whl", hash = "sha256:77656e9f40f4f9592fc64f73899303003f7346e1dcf7c3d0d7a0fd9b0f3cac43"},
]

[[package]]
name = "pytimedinput"
version = "2.0.1"
description = "Query a user for input with a timeout."
optional = false
python-versions = ">=3.6,<4.0"
files = [
    {file = "pytimedinput-2.0.1-py3-none-any.whl", hash = "sha256:dcef8f5ce713f59cace8dc45e4dfc0e5c7369d44d533d4fbb772fa84ca36a110"},
    {file = "pytimedinput-2.0.1.tar.gz", hash = "sha256:f680c9a51a5677ffd0d15334628eb2e9e15ddad4a2d9222e00bf6c0d77768f41"},
]

[[package]]
name = "setuptools"
version = "75.1.0"
description = "Easily download, build, install, upgrade, and uninstall Python packages"
optional = false
python-versions = ">=3.8"
files = [
    {file = "setuptools-75.1.0-py3-none-any.whl", hash = "sha256:35ab7fd3bcd95e6b7fd704e4a1539513edad446c097797f2985e0e4b960772f2"},
    {file = "setuptools-75.1.0.tar.gz", hash = "sha256:d59a21b17a275fb872a9c3dae73963160ae079f1049ed956880cd7c09b120538"},
]

[package.extras]
check = ["pytest-checkdocs (>=2.4)", "pytest-ruff (>=0.2.1)", "ruff (>=0.5.2)"]
core = ["importlib-metadata (>=6)", "importlib-resources (>=5.10.2)", "jaraco.collections", "jaraco.functools", "jaraco.text (>=3.7)", "more-itertools", "more-itertools (>=8.8)", "packaging", "packaging (>=24)", "platformdirs (>=2.6.2)", "tomli (>=2.0.1)", "wheel (>=0.43.0)"]
cover = ["pytest-cov"]
doc = ["furo", "jaraco.packaging (>=9.3)", "jaraco.tidelift (>=1.4)", "pygments-github-lexers (==0.0.5)", "pyproject-hooks (!=1.1)", "rst.linker (>=1.9)", "sphinx (>=3.5)", "sphinx-favicon", "sphinx-inline-tabs", "sphinx-lint", "sphinx-notfound-page (>=1,<2)", "sphinx-reredirects", "sphinxcontrib-towncrier", "towncrier (<24.7)"]
enabler = ["pytest-enabler (>=2.2)"]
test = ["build[virtualenv] (>=1.0.3)", "filelock (>=3.4.0)", "ini2toml[lite] (>=0.14)", "jaraco.develop (>=7.21)", "jaraco.envs (>=2.2)", "jaraco.path (>=3.2.0)", "jaraco.test", "packaging (>=23.2)", "pip (>=19.1)", "pyproject-hooks (!=1.1)", "pytest (>=6,!=8.1.*)", "pytest-home (>=0.5)", "pytest-perf", "pytest-subprocess", "pytest-timeout", "pytest-xdist (>=3)", "tomli-w (>=1.0.0)", "virtualenv (>=13.0.0)", "wheel (>=0.44.0)"]
type = ["importlib-metadata (>=7.0.2)", "jaraco.develop (>=7.21)", "mypy (==1.11.*)", "pytest-mypy"]

[metadata]
lock-version = "2.0"
python-versions = "^3.12"
content-hash = "7c28e451b1132bc921700d493e481107acb85c11a5bb79a5b7ce35b2c9ffd36a"
